
Microsoft Visual Studio Solution File, Format Version 12.00
# Visual Studio 15
VisualStudioVersion = 15.0.27703.2042
MinimumVisualStudioVersion = 10.0.40219.1
Project("{8BC9CEB8-8B4A-11D0-8D11-00A0C91BC942}") = "Week 09 - Tic-Tac-Toe ASSESSED", "Week 9 - Tic-Tac-Toe.vcxproj", "{333A365D-DE6F-482A-8C3C-0C13871C04F1}"
EndProject
Global
	GlobalSection(SolutionConfigurationPlatforms) = preSolution
		Debug|x64 = Debug|x64
		Debug|x86 = Debug|x86
		Release|x64 = Release|x64
		Release|x86 = Release|x86
	EndGlobalSection
	GlobalSection(ProjectConfigurationPlatforms) = postSolution
		{333A365D-DE6F-482A-8C3C-0C13871C04F1}.Debug|x64.ActiveCfg = Debug|x64
		{333A365D-DE6F-482A-8C3C-0C13871C04F1}.Debug|x64.Build.0 = Debug|x64
		{333A365D-DE6F-482A-8C3C-0C13871C04F1}.Debug|x86.ActiveCfg = Debug|Win32
		{333A365D-DE6F-482A-8C3C-0C13871C04F1}.Debug|x86.Build.0 = Debug|Win32
		{333A365D-DE6F-482A-8C3C-0C13871C04F1}.Release|x64.ActiveCfg = Release|x64
		{333A365D-DE6F-482A-8C3C-0C13871C04F1}.Release|x64.Build.0 = Release|x64
		{333A365D-DE6F-482A-8C3C-0C13871C04F1}.Release|x86.ActiveCfg = Release|Win32
		{333A365D-DE6F-482A-8C3C-0C13871C04F1}.Release|x86.Build.0 = Release|Win32
	EndGlobalSection
	GlobalSection(SolutionProperties) = preSolution
		HideSolutionNode = FALSE
	EndGlobalSection
	GlobalSection(ExtensibilityGlobals) = postSolution
		SolutionGuid = {FCB9F26A-29A0-4C83-8311-8BD215E8FDE3}
	EndGlobalSection
EndGlobal
